
Microsoft Visual Studio Solution File, Format Version 12.00
# Visual Studio 15
VisualStudioVersion = 15.0.28307.329
MinimumVisualStudioVersion = 10.0.40219.1
Project("{FAE04EC0-301F-11D3-BF4B-00C04F79EFBC}") = "Black-Midi-Render", "Black-Midi-Render\Black-Midi-Render.csproj", "{273DA7BD-C89A-4574-97DE-AF425529FAAE}"
EndProject
Global
	GlobalSection(SolutionConfigurationPlatforms) = preSolution
		Debug|Any CPU = Debug|Any CPU
		Release|Any CPU = Release|Any CPU
	EndGlobalSection
	GlobalSection(ProjectConfigurationPlatforms) = postSolution
		{273DA7BD-C89A-4574-97DE-AF425529FAAE}.Debug|Any CPU.ActiveCfg = Debug|Any CPU
		{273DA7BD-C89A-4574-97DE-AF425529FAAE}.Debug|Any CPU.Build.0 = Debug|Any CPU
		{273DA7BD-C89A-4574-97DE-AF425529FAAE}.Release|Any CPU.ActiveCfg = Release|Any CPU
		{273DA7BD-C89A-4574-97DE-AF425529FAAE}.Release|Any CPU.Build.0 = Release|Any CPU
	EndGlobalSection
	GlobalSection(SolutionProperties) = preSolution
		HideSolutionNode = FALSE
	EndGlobalSection
	GlobalSection(ExtensibilityGlobals) = postSolution
		SolutionGuid = {8FECB4F7-95FB-4E36-BDEE-C79BB233B885}
	EndGlobalSection
EndGlobal
